
Microsoft Visual Studio Solution File, Format Version 12.00
# Visual Studio Version 17
VisualStudioVersion = 17.7.34202.233
MinimumVisualStudioVersion = 10.0.40219.1
Project("{9A19103F-16F7-4668-BE54-9A1E7A4F7556}") = "Mentalo(Magic8Ball)", "Mentalo(Magic8Ball)\Mentalo(Magic8Ball).csproj", "{19F5CF00-AFBB-4503-B5D0-67D134E9712C}"
EndProject
Project("{9A19103F-16F7-4668-BE54-9A1E7A4F7556}") = "P01_SQL_Datenbankanbindung_Konsole", "P01_SQL_Datenbankanbindung_Konsole\P01_SQL_Datenbankanbindung_Konsole.csproj", "{55A3FEDC-66F0-4C9B-9EBC-E6A203C7B3A8}"
EndProject
Project("{FAE04EC0-301F-11D3-BF4B-00C04F79EFBC}") = "P02Mitarbeiterverwaltung", "P02Mitarbeiterverwaltung\P02Mitarbeiterverwaltung.csproj", "{76AE08A4-321D-4A23-9D1F-B01130186F14}"
EndProject
Global
	GlobalSection(SolutionConfigurationPlatforms) = preSolution
		Debug|Any CPU = Debug|Any CPU
		Release|Any CPU = Release|Any CPU
	EndGlobalSection
	GlobalSection(ProjectConfigurationPlatforms) = postSolution
		{19F5CF00-AFBB-4503-B5D0-67D134E9712C}.Debug|Any CPU.ActiveCfg = Debug|Any CPU
		{19F5CF00-AFBB-4503-B5D0-67D134E9712C}.Debug|Any CPU.Build.0 = Debug|Any CPU
		{19F5CF00-AFBB-4503-B5D0-67D134E9712C}.Release|Any CPU.ActiveCfg = Release|Any CPU
		{19F5CF00-AFBB-4503-B5D0-67D134E9712C}.Release|Any CPU.Build.0 = Release|Any CPU
		{55A3FEDC-66F0-4C9B-9EBC-E6A203C7B3A8}.Debug|Any CPU.ActiveCfg = Debug|Any CPU
		{55A3FEDC-66F0-4C9B-9EBC-E6A203C7B3A8}.Debug|Any CPU.Build.0 = Debug|Any CPU
		{55A3FEDC-66F0-4C9B-9EBC-E6A203C7B3A8}.Release|Any CPU.ActiveCfg = Release|Any CPU
		{55A3FEDC-66F0-4C9B-9EBC-E6A203C7B3A8}.Release|Any CPU.Build.0 = Release|Any CPU
		{76AE08A4-321D-4A23-9D1F-B01130186F14}.Debug|Any CPU.ActiveCfg = Debug|Any CPU
		{76AE08A4-321D-4A23-9D1F-B01130186F14}.Debug|Any CPU.Build.0 = Debug|Any CPU
		{76AE08A4-321D-4A23-9D1F-B01130186F14}.Release|Any CPU.ActiveCfg = Release|Any CPU
		{76AE08A4-321D-4A23-9D1F-B01130186F14}.Release|Any CPU.Build.0 = Release|Any CPU
	EndGlobalSection
	GlobalSection(SolutionProperties) = preSolution
		HideSolutionNode = FALSE
	EndGlobalSection
	GlobalSection(ExtensibilityGlobals) = postSolution
		SolutionGuid = {043279B7-D0EB-4563-B219-A988873F1613}
	EndGlobalSection
EndGlobal
